{
    "_meta": {
        "hash": {
            "sha256": "983f8d732ad740010fded76edb88bac3b613c24b14ed9a142ff07f4670d740ef"
        },
        "pipfile-spec": 6,
        "requires": {
            "python_version": "3.12"
        },
        "sources": [
            {
                "name": "pypi",
                "url": "https://pypi.python.org/simple",
                "verify_ssl": true
            }
        ]
    },
    "default": {
        "certifi": {
            "hashes": [
                "sha256:0a816057ea3cdefcef70270d2c515e4506bbc954f417fa5ade2021213bb8f0c6",
                "sha256:30350364dfe371162649852c63336a15c70c6510c2ad5015b21c2345311805f3"
            ],
            "markers": "python_version >= '3.6'",
            "version": "==2025.4.26"
        },
        "charset-normalizer": {
            "hashes": [
                "sha256:005fa3432484527f9732ebd315da8da8001593e2cf46a3d817669f062c3d9ed4",
                "sha256:046595208aae0120559a67693ecc65dd75d46f7bf687f159127046628178dc45",
                "sha256:0c29de6a1a95f24b9a1aa7aefd27d2487263f00dfd55a77719b530788f75cff7",
                "sha256:0c8c57f84ccfc871a48a47321cfa49ae1df56cd1d965a09abe84066f6853b9c0",
                "sha256:0f5d9ed7f254402c9e7d35d2f5972c9bbea9040e99cd2861bd77dc68263277c7",
                "sha256:18dd2e350387c87dabe711b86f83c9c78af772c748904d372ade190b5c7c9d4d",
                "sha256:1b1bde144d98e446b056ef98e59c256e9294f6b74d7af6846bf5ffdafd687a7d",
                "sha256:1c95a1e2902a8b722868587c0e1184ad5c55631de5afc0eb96bc4b0d738092c0",
                "sha256:1cad5f45b3146325bb38d6855642f6fd609c3f7cad4dbaf75549bf3b904d3184",
                "sha256:21b2899062867b0e1fde9b724f8aecb1af14f2778d69aacd1a5a1853a597a5db",
                "sha256:24498ba8ed6c2e0b56d4acbf83f2d989720a93b41d712ebd4f4979660db4417b",
                "sha256:25a23ea5c7edc53e0f29bae2c44fcb5a1aa10591aae107f2a2b2583a9c5cbc64",
                "sha256:289200a18fa698949d2b39c671c2cc7a24d44096784e76614899a7ccf2574b7b",
                "sha256:28a1005facc94196e1fb3e82a3d442a9d9110b8434fc1ded7a24a2983c9888d8",
                "sha256:32fc0341d72e0f73f80acb0a2c94216bd704f4f0bce10aedea38f30502b271ff",
                "sha256:36b31da18b8890a76ec181c3cf44326bf2c48e36d393ca1b72b3f484113ea344",
                "sha256:3c21d4fca343c805a52c0c78edc01e3477f6dd1ad7c47653241cf2a206d4fc58",
                "sha256:3fddb7e2c84ac87ac3a947cb4e66d143ca5863ef48e4a5ecb83bd48619e4634e",
                "sha256:43e0933a0eff183ee85833f341ec567c0980dae57c464d8a508e1b2ceb336471",
                "sha256:4a476b06fbcf359ad25d34a057b7219281286ae2477cc5ff5e3f70a246971148",
                "sha256:4e594135de17ab3866138f496755f302b72157d115086d100c3f19370839dd3a",
                "sha256:50bf98d5e563b83cc29471fa114366e6806bc06bc7a25fd59641e41445327836",
                "sha256:5a9979887252a82fefd3d3ed2a8e3b937a7a809f65dcb1e068b090e165bbe99e",
                "sha256:5baececa9ecba31eff645232d59845c07aa030f0c81ee70184a90d35099a0e63",
                "sha256:5bf4545e3b962767e5c06fe1738f951f77d27967cb2caa64c28be7c4563e162c",
                "sha256:6333b3aa5a12c26b2a4d4e7335a28f1475e0e5e17d69d55141ee3cab736f66d1",
                "sha256:65c981bdbd3f57670af8b59777cbfae75364b483fa8a9f420f08094531d54a01",
                "sha256:68a328e5f55ec37c57f19ebb1fdc56a248db2e3e9ad769919a58672958e8f366",
                "sha256:6a0289e4589e8bdfef02a80478f1dfcb14f0ab696b5a00e1f4b8a14a307a3c58",
                "sha256:6b66f92b17849b85cad91259efc341dce9c1af48e2173bf38a85c6329f1033e5",
                "sha256:6c9379d65defcab82d07b2a9dfbfc2e95bc8fe0ebb1b176a3190230a3ef0e07c",
                "sha256:6fc1f5b51fa4cecaa18f2bd7a003f3dd039dd615cd69a2afd6d3b19aed6775f2",
                "sha256:70f7172939fdf8790425ba31915bfbe8335030f05b9913d7ae00a87d4395620a",
                "sha256:721c76e84fe669be19c5791da68232ca2e05ba5185575086e384352e2c309597",
                "sha256:7222ffd5e4de8e57e03ce2cef95a4c43c98fcb72ad86909abdfc2c17d227fc1b",
                "sha256:75d10d37a47afee94919c4fab4c22b9bc2a8bf7d4f46f87363bcf0573f3ff4f5",
                "sha256:76af085e67e56c8816c3ccf256ebd136def2ed9654525348cfa744b6802b69eb",
                "sha256:770cab594ecf99ae64c236bc9ee3439c3f46be49796e265ce0cc8bc17b10294f",
                "sha256:7a6ab32f7210554a96cd9e33abe3ddd86732beeafc7a28e9955cdf22ffadbab0",
                "sha256:7c48ed483eb946e6c04ccbe02c6b4d1d48e51944b6db70f697e089c193404941",
                "sha256:7f56930ab0abd1c45cd15be65cc741c28b1c9a34876ce8c17a2fa107810c0af0",
                "sha256:8075c35cd58273fee266c58c0c9b670947c19df5fb98e7b66710e04ad4e9ff86",
                "sha256:8272b73e1c5603666618805fe821edba66892e2870058c94c53147602eab29c7",
                "sha256:82d8fd25b7f4675d0c47cf95b594d4e7b158aca33b76aa63d07186e13c0e0ab7",
                "sha256:844da2b5728b5ce0e32d863af26f32b5ce61bc4273a9c720a9f3aa9df73b1455",
                "sha256:8755483f3c00d6c9a77f490c17e6ab0c8729e39e6390328e42521ef175380ae6",
                "sha256:915f3849a011c1f593ab99092f3cecfcb4d65d8feb4a64cf1bf2d22074dc0ec4",
                "sha256:926ca93accd5d36ccdabd803392ddc3e03e6d4cd1cf17deff3b989ab8e9dbcf0",
                "sha256:982bb1e8b4ffda883b3d0a521e23abcd6fd17418f6d2c4118d257a10199c0ce3",
                "sha256:98f862da73774290f251b9df8d11161b6cf25b599a66baf087c1ffe340e9bfd1",
                "sha256:9cbfacf36cb0ec2897ce0ebc5d08ca44213af24265bd56eca54bee7923c48fd6",
                "sha256:a370b3e078e418187da8c3674eddb9d983ec09445c99a3a263c2011993522981",
                "sha256:a955b438e62efdf7e0b7b52a64dc5c3396e2634baa62471768a64bc2adb73d5c",
                "sha256:aa6af9e7d59f9c12b33ae4e9450619cf2488e2bbe9b44030905877f0b2324980",
                "sha256:aa88ca0b1932e93f2d961bf3addbb2db902198dca337d88c89e1559e066e7645",
                "sha256:aaeeb6a479c7667fbe1099af9617c83aaca22182d6cf8c53966491a0f1b7ffb7",
                "sha256:aaf27faa992bfee0264dc1f03f4c75e9fcdda66a519db6b957a3f826e285cf12",
                "sha256:b2680962a4848b3c4f155dc2ee64505a9c57186d0d56b43123b17ca3de18f0fa",
                "sha256:b2d318c11350e10662026ad0eb71bb51c7812fc8590825304ae0bdd4ac283acd",
                "sha256:b33de11b92e9f75a2b545d6e9b6f37e398d86c3e9e9653c4864eb7e89c5773ef",
                "sha256:b3daeac64d5b371dea99714f08ffc2c208522ec6b06fbc7866a450dd446f5c0f",
                "sha256:be1e352acbe3c78727a16a455126d9ff83ea2dfdcbc83148d2982305a04714c2",
                "sha256:bee093bf902e1d8fc0ac143c88902c3dfc8941f7ea1d6a8dd2bcb786d33db03d",
                "sha256:c72fbbe68c6f32f251bdc08b8611c7b3060612236e960ef848e0a517ddbe76c5",
                "sha256:c9e36a97bee9b86ef9a1cf7bb96747eb7a15c2f22bdb5b516434b00f2a599f02",
                "sha256:cddf7bd982eaa998934a91f69d182aec997c6c468898efe6679af88283b498d3",
                "sha256:cf713fe9a71ef6fd5adf7a79670135081cd4431c2943864757f0fa3a65b1fafd",
                "sha256:d11b54acf878eef558599658b0ffca78138c8c3655cf4f3a4a673c437e67732e",
                "sha256:d41c4d287cfc69060fa91cae9683eacffad989f1a10811995fa309df656ec214",
                "sha256:d524ba3f1581b35c03cb42beebab4a13e6cdad7b36246bd22541fa585a56cccd",
                "sha256:daac4765328a919a805fa5e2720f3e94767abd632ae410a9062dff5412bae65a",
                "sha256:db4c7bf0e07fc3b7d89ac2a5880a6a8062056801b83ff56d8464b70f65482b6c",
                "sha256:dc7039885fa1baf9be153a0626e337aa7ec8bf96b0128605fb0d77788ddc1681",
                "sha256:dccab8d5fa1ef9bfba0590ecf4d46df048d18ffe3eec01eeb73a42e0d9e7a8ba",
                "sha256:dedb8adb91d11846ee08bec4c8236c8549ac721c245678282dcb06b221aab59f",
                "sha256:e45ba65510e2647721e35323d6ef54c7974959f6081b58d4ef5d87c60c84919a",
                "sha256:e53efc7c7cee4c1e70661e2e112ca46a575f90ed9ae3fef200f2a25e954f4b28",
                "sha256:e635b87f01ebc977342e2697d05b56632f5f879a4f15955dfe8cef2448b51691",
                "sha256:e70e990b2137b29dc5564715de1e12701815dacc1d056308e2b17e9095372a82",
                "sha256:e8082b26888e2f8b36a042a58307d5b917ef2b1cacab921ad3323ef91901c71a",
                "sha256:e8323a9b031aa0393768b87f04b4164a40037fb2a3c11ac06a03ffecd3618027",
                "sha256:e92fca20c46e9f5e1bb485887d074918b13543b1c2a1185e69bb8d17ab6236a7",
                "sha256:eb30abc20df9ab0814b5a2524f23d75dcf83cde762c161917a2b4b7b55b1e518",
                "sha256:eba9904b0f38a143592d9fc0e19e2df0fa2e41c3c3745554761c5f6447eedabf",
                "sha256:ef8de666d6179b009dce7bcb2ad4c4a779f113f12caf8dc77f0162c29d20490b",
                "sha256:efd387a49825780ff861998cd959767800d54f8308936b21025326de4b5a42b9",
                "sha256:f0aa37f3c979cf2546b73e8222bbfa3dc07a641585340179d768068e3455e544",
                "sha256:f4074c5a429281bf056ddd4c5d3b740ebca4d43ffffe2ef4bf4d2d05114299da",
                "sha256:f69a27e45c43520f5487f27627059b64aaf160415589230992cec34c5e18a509",
                "sha256:fb707f3e15060adf5b7ada797624a6c6e0138e2a26baa089df64c68ee98e040f",
                "sha256:fcbe676a55d7445b22c10967bceaaf0ee69407fbe0ece4d032b6eb8d4565982a",
                "sha256:fdb20a30fe1175ecabed17cbf7812f7b804b8a315a25f24678bcdf120a90077f"
            ],
            "markers": "python_version >= '3.7'",
            "version": "==3.4.2"
        },
        "idna": {
            "hashes": [
                "sha256:12f65c9b470abda6dc35cf8e63cc574b1c52b11df2c86030af0ac09b01b13ea9",
                "sha256:946d195a0d259cbba61165e88e65941f16e9b36ea6ddb97f00452bae8b1287d3"
            ],
            "markers": "python_version >= '3.6'",
            "version": "==3.10"
        },
        "marshmallow": {
            "hashes": [
                "sha256:3350409f20a70a7e4e11a27661187b77cdcaeb20abca41c1454fe33636bea09c",
                "sha256:e6d8affb6cb61d39d26402096dc0aee12d5a26d490a121f118d2e81dc0719dc6"
            ],
            "index": "pypi",
            "markers": "python_version >= '3.9'",
            "version": "==3.26.1"
        },
        "mock": {
            "hashes": [
                "sha256:4e460e818629b4b173f32d08bf30d3af8123afbb8e04bb5707a1fd4799e503f0",
                "sha256:7ba87f72ca0e915175596069dbbcc7c75af7b5e9b9bc107ad6349ede0819982f"
            ],
            "index": "pypi",
            "markers": "python_version >= '3.6'",
            "version": "==5.2.0"
        },
        "packaging": {
            "hashes": [
                "sha256:09abb1bccd265c01f4a3aa3f7a7db064b36514d2cba19a2f694fe6150451a759",
                "sha256:c228a6dc5e932d346bc5739379109d49e8853dd8223571c7c5b55260edc0b97f"
            ],
            "markers": "python_version >= '3.8'",
            "version": "==24.2"
        },
        "requests": {
            "hashes": [
                "sha256:27babd3cda2a6d50b30443204ee89830707d396671944c998b5975b031ac2b2c",
                "sha256:27d0316682c8a29834d3264820024b62a36942083d52caf2f14c0591336d3422"
            ],
            "index": "pypi",
            "markers": "python_version >= '3.8'",
            "version": "==2.32.4"
        },
        "setuptools": {
            "hashes": [
                "sha256:18fd474d4a82a5f83dac888df697af65afa82dec7323d09c3e37d1f14288da54",
                "sha256:3e386e96793c8702ae83d17b853fb93d3e09ef82ec62722e61da5cd22376dcd8"
            ],
            "index": "pypi",
            "markers": "python_version >= '3.9'",
            "version": "==78.1.0"
        },
        "urllib3": {
            "hashes": [
                "sha256:414bc6535b787febd7567804cc015fee39daab8ad86268f1310a9250697de466",
                "sha256:4e16665048960a0900c702d4a66415956a584919c03361cac9f1df5c5dd7e813"
            ],
            "markers": "python_version >= '3.9'",
            "version": "==2.4.0"
        }
    },
    "develop": {
        "appnope": {
            "hashes": [
                "sha256:1de3860566df9caf38f01f86f65e0e13e379af54f9e4bee1e66b48f2efffd1ee",
                "sha256:502575ee11cd7a28c0205f379b525beefebab9d161b7c964670864014ed7213c"
            ],
            "markers": "python_version >= '3.6'",
            "version": "==0.1.4"
        },
        "astroid": {
            "hashes": [
                "sha256:622cc8e3048684aa42c820d9d218978021c3c3d174fb03a9f0d615921744f550",
                "sha256:d05bfd0acba96a7bd43e222828b7d9bc1e138aaeb0649707908d3702a9831248"
            ],
            "markers": "python_full_version >= '3.9.0'",
            "version": "==3.3.9"
        },
        "asttokens": {
            "hashes": [
                "sha256:0dcd8baa8d62b0c1d118b399b2ddba3c4aff271d0d7a9e0d4c1681c79035bbc7",
                "sha256:e3078351a059199dd5138cb1c706e6430c05eff2ff136af5eb4790f9d28932e2"
            ],
            "markers": "python_version >= '3.8'",
            "version": "==3.0.0"
        },
        "backcall": {
            "hashes": [
                "sha256:5cbdbf27be5e7cfadb448baf0aa95508f91f2bbc6c6437cd9cd06e2a4c215e1e",
                "sha256:fbbce6a29f263178a1f7915c1940bde0ec2b2a967566fe1c65c1dfb7422bd255"
            ],
            "version": "==0.2.0"
        },
        "certifi": {
            "hashes": [
                "sha256:3d5da6925056f6f18f119200434a4780a94263f10d1c21d032a6f6b2baa20651",
                "sha256:ca78db4565a652026a4db2bcdf68f2fb589ea80d0be70e03929ed730746b84fe"
            ],
            "markers": "python_version >= '3.6'",
            "version": "==2025.1.31"
        },
        "charset-normalizer": {
            "hashes": [
                "sha256:0167ddc8ab6508fe81860a57dd472b2ef4060e8d378f0cc555707126830f2537",
                "sha256:01732659ba9b5b873fc117534143e4feefecf3b2078b0a6a2e925271bb6f4cfa",
                "sha256:01ad647cdd609225c5350561d084b42ddf732f4eeefe6e678765636791e78b9a",
                "sha256:04432ad9479fa40ec0f387795ddad4437a2b50417c69fa275e212933519ff294",
                "sha256:0907f11d019260cdc3f94fbdb23ff9125f6b5d1039b76003b5b0ac9d6a6c9d5b",
                "sha256:0924e81d3d5e70f8126529951dac65c1010cdf117bb75eb02dd12339b57749dd",
                "sha256:09b26ae6b1abf0d27570633b2b078a2a20419c99d66fb2823173d73f188ce601",
                "sha256:09b5e6733cbd160dcc09589227187e242a30a49ca5cefa5a7edd3f9d19ed53fd",
                "sha256:0af291f4fe114be0280cdd29d533696a77b5b49cfde5467176ecab32353395c4",
                "sha256:0f55e69f030f7163dffe9fd0752b32f070566451afe180f99dbeeb81f511ad8d",
                "sha256:1a2bc9f351a75ef49d664206d51f8e5ede9da246602dc2d2726837620ea034b2",
                "sha256:22e14b5d70560b8dd51ec22863f370d1e595ac3d024cb8ad7d308b4cd95f8313",
                "sha256:234ac59ea147c59ee4da87a0c0f098e9c8d169f4dc2a159ef720f1a61bbe27cd",
                "sha256:2369eea1ee4a7610a860d88f268eb39b95cb588acd7235e02fd5a5601773d4fa",
                "sha256:237bdbe6159cff53b4f24f397d43c6336c6b0b42affbe857970cefbb620911c8",
                "sha256:28bf57629c75e810b6ae989f03c0828d64d6b26a5e205535585f96093e405ed1",
                "sha256:2967f74ad52c3b98de4c3b32e1a44e32975e008a9cd2a8cc8966d6a5218c5cb2",
                "sha256:2a75d49014d118e4198bcee5ee0a6f25856b29b12dbf7cd012791f8a6cc5c496",
                "sha256:2bdfe3ac2e1bbe5b59a1a63721eb3b95fc9b6817ae4a46debbb4e11f6232428d",
                "sha256:2d074908e1aecee37a7635990b2c6d504cd4766c7bc9fc86d63f9c09af3fa11b",
                "sha256:2fb9bd477fdea8684f78791a6de97a953c51831ee2981f8e4f583ff3b9d9687e",
                "sha256:311f30128d7d333eebd7896965bfcfbd0065f1716ec92bd5638d7748eb6f936a",
                "sha256:329ce159e82018d646c7ac45b01a430369d526569ec08516081727a20e9e4af4",
                "sha256:345b0426edd4e18138d6528aed636de7a9ed169b4aaf9d61a8c19e39d26838ca",
                "sha256:363e2f92b0f0174b2f8238240a1a30142e3db7b957a5dd5689b0e75fb717cc78",
                "sha256:3a3bd0dcd373514dcec91c411ddb9632c0d7d92aed7093b8c3bbb6d69ca74408",
                "sha256:3bed14e9c89dcb10e8f3a29f9ccac4955aebe93c71ae803af79265c9ca5644c5",
                "sha256:44251f18cd68a75b56585dd00dae26183e102cd5e0f9f1466e6df5da2ed64ea3",
                "sha256:44ecbf16649486d4aebafeaa7ec4c9fed8b88101f4dd612dcaf65d5e815f837f",
                "sha256:4532bff1b8421fd0a320463030c7520f56a79c9024a4e88f01c537316019005a",
                "sha256:49402233c892a461407c512a19435d1ce275543138294f7ef013f0b63d5d3765",
                "sha256:4c0907b1928a36d5a998d72d64d8eaa7244989f7aaaf947500d3a800c83a3fd6",
                "sha256:4d86f7aff21ee58f26dcf5ae81a9addbd914115cdebcbb2217e4f0ed8982e146",
                "sha256:5777ee0881f9499ed0f71cc82cf873d9a0ca8af166dfa0af8ec4e675b7df48e6",
                "sha256:5df196eb874dae23dcfb968c83d4f8fdccb333330fe1fc278ac5ceeb101003a9",
                "sha256:619a609aa74ae43d90ed2e89bdd784765de0a25ca761b93e196d938b8fd1dbbd",
                "sha256:6e27f48bcd0957c6d4cb9d6fa6b61d192d0b13d5ef563e5f2ae35feafc0d179c",
                "sha256:6ff8a4a60c227ad87030d76e99cd1698345d4491638dfa6673027c48b3cd395f",
                "sha256:73d94b58ec7fecbc7366247d3b0b10a21681004153238750bb67bd9012414545",
                "sha256:7461baadb4dc00fd9e0acbe254e3d7d2112e7f92ced2adc96e54ef6501c5f176",
                "sha256:75832c08354f595c760a804588b9357d34ec00ba1c940c15e31e96d902093770",
                "sha256:7709f51f5f7c853f0fb938bcd3bc59cdfdc5203635ffd18bf354f6967ea0f824",
                "sha256:78baa6d91634dfb69ec52a463534bc0df05dbd546209b79a3880a34487f4b84f",
                "sha256:7974a0b5ecd505609e3b19742b60cee7aa2aa2fb3151bc917e6e2646d7667dcf",
                "sha256:7a4f97a081603d2050bfaffdefa5b02a9ec823f8348a572e39032caa8404a487",
                "sha256:7b1bef6280950ee6c177b326508f86cad7ad4dff12454483b51d8b7d673a2c5d",
                "sha256:7d053096f67cd1241601111b698f5cad775f97ab25d81567d3f59219b5f1adbd",
                "sha256:804a4d582ba6e5b747c625bf1255e6b1507465494a40a2130978bda7b932c90b",
                "sha256:807f52c1f798eef6cf26beb819eeb8819b1622ddfeef9d0977a8502d4db6d534",
                "sha256:80ed5e856eb7f30115aaf94e4a08114ccc8813e6ed1b5efa74f9f82e8509858f",
                "sha256:8417cb1f36cc0bc7eaba8ccb0e04d55f0ee52df06df3ad55259b9a323555fc8b",
                "sha256:8436c508b408b82d87dc5f62496973a1805cd46727c34440b0d29d8a2f50a6c9",
                "sha256:89149166622f4db9b4b6a449256291dc87a99ee53151c74cbd82a53c8c2f6ccd",
                "sha256:8bfa33f4f2672964266e940dd22a195989ba31669bd84629f05fab3ef4e2d125",
                "sha256:8c60ca7339acd497a55b0ea5d506b2a2612afb2826560416f6894e8b5770d4a9",
                "sha256:91b36a978b5ae0ee86c394f5a54d6ef44db1de0815eb43de826d41d21e4af3de",
                "sha256:955f8851919303c92343d2f66165294848d57e9bba6cf6e3625485a70a038d11",
                "sha256:97f68b8d6831127e4787ad15e6757232e14e12060bec17091b85eb1486b91d8d",
                "sha256:9b23ca7ef998bc739bf6ffc077c2116917eabcc901f88da1b9856b210ef63f35",
                "sha256:9f0b8b1c6d84c8034a44893aba5e767bf9c7a211e313a9605d9c617d7083829f",
                "sha256:aabfa34badd18f1da5ec1bc2715cadc8dca465868a4e73a0173466b688f29dda",
                "sha256:ab36c8eb7e454e34e60eb55ca5d241a5d18b2c6244f6827a30e451c42410b5f7",
                "sha256:b010a7a4fd316c3c484d482922d13044979e78d1861f0e0650423144c616a46a",
                "sha256:b1ac5992a838106edb89654e0aebfc24f5848ae2547d22c2c3f66454daa11971",
                "sha256:b7b2d86dd06bfc2ade3312a83a5c364c7ec2e3498f8734282c6c3d4b07b346b8",
                "sha256:b97e690a2118911e39b4042088092771b4ae3fc3aa86518f84b8cf6888dbdb41",
                "sha256:bc2722592d8998c870fa4e290c2eec2c1569b87fe58618e67d38b4665dfa680d",
                "sha256:c0429126cf75e16c4f0ad00ee0eae4242dc652290f940152ca8c75c3a4b6ee8f",
                "sha256:c30197aa96e8eed02200a83fba2657b4c3acd0f0aa4bdc9f6c1af8e8962e0757",
                "sha256:c4c3e6da02df6fa1410a7680bd3f63d4f710232d3139089536310d027950696a",
                "sha256:c75cb2a3e389853835e84a2d8fb2b81a10645b503eca9bcb98df6b5a43eb8886",
                "sha256:c96836c97b1238e9c9e3fe90844c947d5afbf4f4c92762679acfe19927d81d77",
                "sha256:d7f50a1f8c450f3925cb367d011448c39239bb3eb4117c36a6d354794de4ce76",
                "sha256:d973f03c0cb71c5ed99037b870f2be986c3c05e63622c017ea9816881d2dd247",
                "sha256:d98b1668f06378c6dbefec3b92299716b931cd4e6061f3c875a71ced1780ab85",
                "sha256:d9c3cdf5390dcd29aa8056d13e8e99526cda0305acc038b96b30352aff5ff2bb",
                "sha256:dad3e487649f498dd991eeb901125411559b22e8d7ab25d3aeb1af367df5efd7",
                "sha256:dccbe65bd2f7f7ec22c4ff99ed56faa1e9f785482b9bbd7c717e26fd723a1d1e",
                "sha256:dd78cfcda14a1ef52584dbb008f7ac81c1328c0f58184bf9a84c49c605002da6",
                "sha256:e218488cd232553829be0664c2292d3af2eeeb94b32bea483cf79ac6a694e037",
                "sha256:e358e64305fe12299a08e08978f51fc21fac060dcfcddd95453eabe5b93ed0e1",
                "sha256:ea0d8d539afa5eb2728aa1932a988a9a7af94f18582ffae4bc10b3fbdad0626e",
                "sha256:eab677309cdb30d047996b36d34caeda1dc91149e4fdca0b1a039b3f79d9a807",
                "sha256:eb8178fe3dba6450a3e024e95ac49ed3400e506fd4e9e5c32d30adda88cbd407",
                "sha256:ecddf25bee22fe4fe3737a399d0d177d72bc22be6913acfab364b40bce1ba83c",
                "sha256:eea6ee1db730b3483adf394ea72f808b6e18cf3cb6454b4d86e04fa8c4327a12",
                "sha256:f08ff5e948271dc7e18a35641d2f11a4cd8dfd5634f55228b691e62b37125eb3",
                "sha256:f30bf9fd9be89ecb2360c7d94a711f00c09b976258846efe40db3d05828e8089",
                "sha256:fa88b843d6e211393a37219e6a1c1df99d35e8fd90446f1118f4216e307e48cd",
                "sha256:fc54db6c8593ef7d4b2a331b58653356cf04f67c960f584edb7c3d8c97e8f39e",
                "sha256:fd4ec41f914fa74ad1b8304bbc634b3de73d2a0889bd32076342a573e0779e00",
                "sha256:ffc9202a29ab3920fa812879e95a9e78b2465fd10be7fcbd042899695d75e616"
            ],
            "markers": "python_version >= '3.7'",
            "version": "==3.4.1"
        },
        "coverage": {
            "extras": [
                "toml"
            ],
            "hashes": [
                "sha256:042e7841a26498fff7a37d6fda770d17519982f5b7d8bf5278d140b67b61095f",
                "sha256:04bfec25a8ef1c5f41f5e7e5c842f6b615599ca8ba8391ec33a9290d9d2db3a3",
                "sha256:0915742f4c82208ebf47a2b154a5334155ed9ef9fe6190674b8a46c2fb89cb05",
                "sha256:18c5ae6d061ad5b3e7eef4363fb27a0576012a7447af48be6c75b88494c6cf25",
                "sha256:2931f66991175369859b5fd58529cd4b73582461877ecfd859b6549869287ffe",
                "sha256:2e4b6b87bb0c846a9315e3ab4be2d52fac905100565f4b92f02c445c8799e257",
                "sha256:3043ba1c88b2139126fc72cb48574b90e2e0546d4c78b5299317f61b7f718b78",
                "sha256:379fe315e206b14e21db5240f89dc0774bdd3e25c3c58c2c733c99eca96f1ada",
                "sha256:42421e04069fb2cbcbca5a696c4050b84a43b05392679d4068acbe65449b5c64",
                "sha256:4dfd9a93db9e78666d178d4f08a5408aa3f2474ad4d0e0378ed5f2ef71640cb6",
                "sha256:52a523153c568d2c0ef8826f6cc23031dc86cffb8c6aeab92c4ff776e7951b28",
                "sha256:554fec1199d93ab30adaa751db68acec2b41c5602ac944bb19187cb9a41a8067",
                "sha256:581a40c7b94921fffd6457ffe532259813fc68eb2bdda60fa8cc343414ce3733",
                "sha256:5a26c0c795c3e0b63ec7da6efded5f0bc856d7c0b24b2ac84b4d1d7bc578d676",
                "sha256:5a570cd9bd20b85d1a0d7b009aaf6c110b52b5755c17be6962f8ccd65d1dbd23",
                "sha256:5aaeb00761f985007b38cf463b1d160a14a22c34eb3f6a39d9ad6fc27cb73008",
                "sha256:5ac46d0c2dd5820ce93943a501ac5f6548ea81594777ca585bf002aa8854cacd",
                "sha256:5c8a5c139aae4c35cbd7cadca1df02ea8cf28a911534fc1b0456acb0b14234f3",
                "sha256:6b8af63b9afa1031c0ef05b217faa598f3069148eeee6bb24b79da9012423b82",
                "sha256:769773614e676f9d8e8a0980dd7740f09a6ea386d0f383db6821df07d0f08545",
                "sha256:771eb7587a0563ca5bb6f622b9ed7f9d07bd08900f7589b4febff05f469bea00",
                "sha256:77af0f6447a582fdc7de5e06fa3757a3ef87769fbb0fdbdeba78c23049140a47",
                "sha256:7a3d62b3b03b4b6fd41a085f3574874cf946cb4604d2b4d3e8dca8cd570ca501",
                "sha256:821f7bcbaa84318287115d54becb1915eece6918136c6f91045bb84e2f88739d",
                "sha256:89b1f4af0d4afe495cd4787a68e00f30f1d15939f550e869de90a86efa7e0814",
                "sha256:8a1d96e780bdb2d0cbb297325711701f7c0b6f89199a57f2049e90064c29f6bd",
                "sha256:8a40fcf208e021eb14b0fac6bdb045c0e0cab53105f93ba0d03fd934c956143a",
                "sha256:8f99eb72bf27cbb167b636eb1726f590c00e1ad375002230607a844d9e9a2318",
                "sha256:90e7fbc6216ecaffa5a880cdc9c77b7418c1dcb166166b78dbc630d07f278cc3",
                "sha256:94ec0be97723ae72d63d3aa41961a0b9a6f5a53ff599813c324548d18e3b9e8c",
                "sha256:95aa6ae391a22bbbce1b77ddac846c98c5473de0372ba5c463480043a07bff42",
                "sha256:96121edfa4c2dfdda409877ea8608dd01de816a4dc4a0523356067b305e4e17a",
                "sha256:a1f406a8e0995d654b2ad87c62caf6befa767885301f3b8f6f73e6f3c31ec3a6",
                "sha256:a321c61477ff8ee705b8a5fed370b5710c56b3a52d17b983d9215861e37b642a",
                "sha256:a5761c70c017c1b0d21b0815a920ffb94a670c8d5d409d9b38857874c21f70d7",
                "sha256:a9abbccd778d98e9c7e85038e35e91e67f5b520776781d9a1e2ee9d400869487",
                "sha256:ad80e6b4a0c3cb6f10f29ae4c60e991f424e6b14219d46f1e7d442b938ee68a4",
                "sha256:b44674870709017e4b4036e3d0d6c17f06a0e6d4436422e0ad29b882c40697d2",
                "sha256:b571bf5341ba8c6bc02e0baeaf3b061ab993bf372d982ae509807e7f112554e9",
                "sha256:b8194fb8e50d556d5849753de991d390c5a1edeeba50f68e3a9253fbd8bf8ccd",
                "sha256:b87eb6fc9e1bb8f98892a2458781348fa37e6925f35bb6ceb9d4afd54ba36c73",
                "sha256:bbb5cc845a0292e0c520656d19d7ce40e18d0e19b22cb3e0409135a575bf79fc",
                "sha256:be945402e03de47ba1872cd5236395e0f4ad635526185a930735f66710e1bd3f",
                "sha256:bf13d564d310c156d1c8e53877baf2993fb3073b2fc9f69790ca6a732eb4bfea",
                "sha256:cf60dd2696b457b710dd40bf17ad269d5f5457b96442f7f85722bdb16fa6c899",
                "sha256:d1ba00ae33be84066cfbe7361d4e04dec78445b2b88bdb734d0d1cbab916025a",
                "sha256:d39fc4817fd67b3915256af5dda75fd4ee10621a3d484524487e33416c6f3543",
                "sha256:d766a4f0e5aa1ba056ec3496243150698dc0481902e2b8559314368717be82b1",
                "sha256:dbf364b4c5e7bae9250528167dfe40219b62e2d573c854d74be213e1e52069f7",
                "sha256:dd19608788b50eed889e13a5d71d832edc34fc9dfce606f66e8f9f917eef910d",
                "sha256:e013b07ba1c748dacc2a80e69a46286ff145935f260eb8c72df7185bf048f502",
                "sha256:e5d2b9be5b0693cf21eb4ce0ec8d211efb43966f6657807f6859aab3814f946b",
                "sha256:e5ff52d790c7e1628241ffbcaeb33e07d14b007b6eb00a19320c7b8a7024c040",
                "sha256:e75a2ad7b647fd8046d58c3132d7eaf31b12d8a53c0e4b21fa9c4d23d6ee6d3c",
                "sha256:e7ac22a0bb2c7c49f441f7a6d46c9c80d96e56f5a8bc6972529ed43c8b694e27",
                "sha256:ed2144b8a78f9d94d9515963ed273d620e07846acd5d4b0a642d4849e8d91a0c",
                "sha256:f017a61399f13aa6d1039f75cd467be388d157cd81f1a119b9d9a68ba6f2830d",
                "sha256:f1d8a2a57b47142b10374902777e798784abf400a004b14f1b0b9eaf1e528ba4",
                "sha256:f2d32f95922927186c6dbc8bc60df0d186b6edb828d299ab10898ef3f40052fe",
                "sha256:f319bae0321bc838e205bf9e5bc28f0a3165f30c203b610f17ab5552cff90323",
                "sha256:f3c38e4e5ccbdc9198aecc766cedbb134b2d89bf64533973678dfcf07effd883",
                "sha256:f9983d01d7705b2d1f7a95e10bbe4091fabc03a46881a256c2787637b087003f",
                "sha256:fa260de59dfb143af06dcf30c2be0b200bed2a73737a8a59248fcb9fa601ef0f"
            ],
            "index": "pypi",
            "markers": "python_version >= '3.9'",
            "version": "==7.8.0"
        },
        "decorator": {
            "hashes": [
                "sha256:65f266143752f734b0a7cc83c46f4618af75b8c5911b00ccb61d0ac9b6da0360",
                "sha256:d316bb415a2d9e2d2b3abcc4084c6502fc09240e292cd76a76afc106a1c8e04a"
            ],
            "markers": "python_version >= '3.8'",
            "version": "==5.2.1"
        },
        "dill": {
            "hashes": [
                "sha256:468dff3b89520b474c0397703366b7b95eebe6303f108adf9b19da1f702be87a",
                "sha256:81aa267dddf68cbfe8029c42ca9ec6a4ab3b22371d1c450abc54422577b4512c"
            ],
            "markers": "python_version >= '3.8'",
            "version": "==0.3.9"
        },
        "docutils": {
            "hashes": [
                "sha256:3a6b18732edf182daa3cd12775bbb338cf5691468f91eeeb109deff6ebfa986f",
                "sha256:dafca5b9e384f0e419294eb4d2ff9fa826435bf15f15b7bd45723e8ad76811b2"
            ],
            "index": "pypi",
            "markers": "python_version >= '3.9'",
            "version": "==0.21.2"
        },
        "executing": {
            "hashes": [
                "sha256:11387150cad388d62750327a53d3339fad4888b39a6fe233c3afbb54ecffd3aa",
                "sha256:5d108c028108fe2551d1a7b2e8b713341e2cb4fc0aa7dcf966fa4327a5226755"
            ],
            "markers": "python_version >= '3.8'",
            "version": "==2.2.0"
        },
        "idna": {
            "hashes": [
                "sha256:12f65c9b470abda6dc35cf8e63cc574b1c52b11df2c86030af0ac09b01b13ea9",
                "sha256:946d195a0d259cbba61165e88e65941f16e9b36ea6ddb97f00452bae8b1287d3"
            ],
            "markers": "python_version >= '3.6'",
            "version": "==3.10"
        },
        "iniconfig": {
            "hashes": [
                "sha256:3abbd2e30b36733fee78f9c7f7308f2d0050e88f0087fd25c2645f63c773e1c7",
                "sha256:9deba5723312380e77435581c6bf4935c94cbfab9b1ed33ef8d238ea168eb760"
            ],
            "markers": "python_version >= '3.8'",
            "version": "==2.1.0"
        },
        "ipython": {
            "hashes": [
                "sha256:b13a1d6c1f5818bd388db53b7107d17454129a70de2b87481d555daede5eb49e",
                "sha256:b38c31e8fc7eff642fc7c597061fff462537cf2314e3225a19c906b7b0d8a345"
            ],
            "index": "pypi",
            "markers": "python_version >= '3.8'",
            "version": "==8.10.0"
        },
        "isort": {
            "hashes": [
                "sha256:1cb5df28dfbc742e490c5e41bad6da41b805b0a8be7bc93cd0fb2a8a890ac450",
                "sha256:2dc5d7f65c9678d94c88dfc29161a320eec67328bc97aad576874cb4be1e9615"
            ],
            "markers": "python_full_version >= '3.9.0'",
            "version": "==6.0.1"
        },
        "jedi": {
            "hashes": [
                "sha256:4770dc3de41bde3966b02eb84fbcf557fb33cce26ad23da12c742fb50ecb11f0",
                "sha256:a8ef22bde8490f57fe5c7681a3c83cb58874daf72b4784de3cce5b6ef6edb5b9"
            ],
            "markers": "python_version >= '3.6'",
            "version": "==0.19.2"
        },
        "matplotlib-inline": {
            "hashes": [
                "sha256:8423b23ec666be3d16e16b60bdd8ac4e86e840ebd1dd11a30b9f117f2fa0ab90",
                "sha256:df192d39a4ff8f21b1895d72e6a13f5fcc5099f00fa84384e0ea28c2cc0653ca"
            ],
            "markers": "python_version >= '3.8'",
            "version": "==0.1.7"
        },
        "mccabe": {
            "hashes": [
                "sha256:348e0240c33b60bbdf4e523192ef919f28cb2c3d7d5c7794f74009290f236325",
                "sha256:6c2d30ab6be0e4a46919781807b4f0d834ebdd6c6e3dca0bda5a15f863427b6e"
            ],
            "markers": "python_version >= '3.6'",
            "version": "==0.7.0"
        },
        "packaging": {
            "hashes": [
                "sha256:09abb1bccd265c01f4a3aa3f7a7db064b36514d2cba19a2f694fe6150451a759",
                "sha256:c228a6dc5e932d346bc5739379109d49e8853dd8223571c7c5b55260edc0b97f"
            ],
            "markers": "python_version >= '3.8'",
            "version": "==24.2"
        },
        "parso": {
            "hashes": [
                "sha256:a418670a20291dacd2dddc80c377c5c3791378ee1e8d12bffc35420643d43f18",
                "sha256:eb3a7b58240fb99099a345571deecc0f9540ea5f4dd2fe14c2a99d6b281ab92d"
            ],
            "markers": "python_version >= '3.6'",
            "version": "==0.8.4"
        },
        "pexpect": {
            "hashes": [
                "sha256:7236d1e080e4936be2dc3e326cec0af72acf9212a7e1d060210e70a47e253523",
                "sha256:ee7d41123f3c9911050ea2c2dac107568dc43b2d3b0c7557a33212c398ead30f"
            ],
            "markers": "sys_platform != 'win32'",
            "version": "==4.9.0"
        },
        "pickleshare": {
            "hashes": [
                "sha256:87683d47965c1da65cdacaf31c8441d12b8044cdec9aca500cd78fc2c683afca",
                "sha256:9649af414d74d4df115d5d718f82acb59c9d418196b7b4290ed47a12ce62df56"
            ],
            "version": "==0.7.5"
        },
        "platformdirs": {
            "hashes": [
                "sha256:a03875334331946f13c549dbd8f4bac7a13a50a895a0eb1e8c6a8ace80d40a94",
                "sha256:eb437d586b6a0986388f0d6f74aa0cde27b48d0e3d66843640bfb6bdcdb6e351"
            ],
            "markers": "python_version >= '3.9'",
            "version": "==4.3.7"
        },
        "pluggy": {
            "hashes": [
                "sha256:2cffa88e94fdc978c4c574f15f9e59b7f4201d439195c3715ca9e2486f1d0cf1",
                "sha256:44e1ad92c8ca002de6377e165f3e0f1be63266ab4d554740532335b9d75ea669"
            ],
            "markers": "python_version >= '3.8'",
            "version": "==1.5.0"
        },
        "prompt-toolkit": {
            "hashes": [
                "sha256:544748f3860a2623ca5cd6d2795e7a14f3d0e1c3c9728359013f79877fc89bab",
                "sha256:9b6427eb19e479d98acff65196a307c555eb567989e6d88ebbb1b509d9779198"
            ],
            "markers": "python_full_version >= '3.8.0'",
            "version": "==3.0.50"
        },
        "ptyprocess": {
            "hashes": [
                "sha256:4b41f3967fce3af57cc7e94b888626c18bf37a083e3651ca8feeb66d492fef35",
                "sha256:5c5d0a3b48ceee0b48485e0c26037c0acd7d29765ca3fbb5cb3831d347423220"
            ],
            "version": "==0.7.0"
        },
        "pure-eval": {
            "hashes": [
                "sha256:1db8e35b67b3d218d818ae653e27f06c3aa420901fa7b081ca98cbedc874e0d0",
                "sha256:5f4e983f40564c576c7c8635ae88db5956bb2229d7e9237d03b3c0b0190eaf42"
            ],
            "version": "==0.2.3"
        },
        "pygments": {
            "hashes": [
                "sha256:61c16d2a8576dc0649d9f39e089b5f02bcd27fba10d8fb4dcc28173f7a45151f",
                "sha256:9ea1544ad55cecf4b8242fab6dd35a93bbce657034b0611ee383099054ab6d8c"
            ],
            "markers": "python_version >= '3.8'",
            "version": "==2.19.1"
        },
        "pylint": {
            "hashes": [
                "sha256:8b7c2d3e86ae3f94fb27703d521dd0b9b6b378775991f504d7c3a6275aa0a6a6",
                "sha256:b634a041aac33706d56a0d217e6587228c66427e20ec21a019bc4cdee48c040a"
            ],
            "index": "pypi",
            "markers": "python_full_version >= '3.9.0'",
            "version": "==3.3.6"
        },
        "pytest": {
            "hashes": [
                "sha256:c69214aa47deac29fad6c2a4f590b9c4a9fdb16a403176fe154b79c0b4d4d820",
                "sha256:f4efe70cc14e511565ac476b57c279e12a855b11f48f212af1080ef2263d3845"
            ],
            "index": "pypi",
            "markers": "python_version >= '3.8'",
            "version": "==8.3.5"
        },
        "pytest-cov": {
            "hashes": [
                "sha256:46935f7aaefba760e716c2ebfbe1c216240b9592966e7da99ea8292d4d3e2a0a",
                "sha256:bddf29ed2d0ab6f4df17b4c55b0a657287db8684af9c42ea546b21b1041b3dde"
            ],
            "index": "pypi",
            "markers": "python_version >= '3.9'",
            "version": "==6.1.1"
        },
        "requests": {
            "hashes": [
                "sha256:55365417734eb18255590a9ff9eb97e9e1da868d4ccd6402399eaf68af20a760",
                "sha256:70761cfe03c773ceb22aa2f671b4757976145175cdfca038c02654d061d6dcc6"
            ],
            "index": "pypi",
            "markers": "python_version >= '3.8'",
            "version": "==2.32.3"
        },
        "requests-mock": {
            "hashes": [
                "sha256:7a5fa99db5e3a2a961b6f20ed40ee6baeff73503cf0a553cc4d679409e6170fb",
                "sha256:8ca0628dc66d3f212878932fd741b02aa197ad53fd2228164800a169a4a826af"
            ],
            "index": "pypi",
            "version": "==1.5.2"
        },
        "six": {
            "hashes": [
                "sha256:4721f391ed90541fddacab5acf947aa0d3dc7d27b2e1e8eda2be8970586c3274",
                "sha256:ff70335d468e7eb6ec65b95b99d3a2836546063f63acc5171de367e834932a81"
            ],
            "markers": "python_version >= '2.7' and python_version not in '3.0, 3.1, 3.2'",
            "version": "==1.17.0"
        },
        "stack-data": {
            "hashes": [
                "sha256:836a778de4fec4dcd1dcd89ed8abff8a221f58308462e1c4aa2a3cf30148f0b9",
                "sha256:d5558e0c25a4cb0853cddad3d77da9891a08cb85dd9f9f91b9f8cd66e511e695"
            ],
            "version": "==0.6.3"
        },
        "tomlkit": {
            "hashes": [
                "sha256:7a974427f6e119197f670fbbbeae7bef749a6c14e793db934baefc1b5f03efde",
                "sha256:fff5fe59a87295b278abd31bec92c15d9bc4a06885ab12bcea52c71119392e79"
            ],
            "markers": "python_version >= '3.8'",
            "version": "==0.13.2"
        },
        "traitlets": {
            "hashes": [
                "sha256:9ed0579d3502c94b4b3732ac120375cda96f923114522847de4b3bb98b96b6b7",
                "sha256:b74e89e397b1ed28cc831db7aea759ba6640cb3de13090ca145426688ff1ac4f"
            ],
            "markers": "python_version >= '3.8'",
            "version": "==5.14.3"
        },
        "urllib3": {
            "hashes": [
                "sha256:414bc6535b787febd7567804cc015fee39daab8ad86268f1310a9250697de466",
                "sha256:4e16665048960a0900c702d4a66415956a584919c03361cac9f1df5c5dd7e813"
            ],
            "markers": "python_version >= '3.9'",
            "version": "==2.4.0"
        },
        "wcwidth": {
            "hashes": [
                "sha256:3da69048e4540d84af32131829ff948f1e022c1c6bdb8d6102117aac784f6859",
                "sha256:72ea0c06399eb286d978fdedb6923a9eb47e1c486ce63e9b4e64fc18303972b5"
            ],
            "version": "==0.2.13"
        }
    }
}
